
Microsoft Visual Studio Solution File, Format Version 12.00
# Visual Studio Version 17
VisualStudioVersion = 17.0.31903.59
MinimumVisualStudioVersion = 10.0.40219.1
Project("{FAE04EC0-301F-11D3-BF4B-00C04F79EFBC}") = "Directionful", "Directionful\Directionful.csproj", "{C2D4A5BD-591A-4279-A198-D3CA72E7C9AD}"
EndProject
Project("{FAE04EC0-301F-11D3-BF4B-00C04F79EFBC}") = "Directionful.SDL", "Directionful.SDL\Directionful.SDL.csproj", "{AC12F994-91A3-4206-8D7E-4D4AFE4E4402}"
EndProject
Global
	GlobalSection(SolutionConfigurationPlatforms) = preSolution
		Debug|Any CPU = Debug|Any CPU
		Release|Any CPU = Release|Any CPU
	EndGlobalSection
	GlobalSection(ProjectConfigurationPlatforms) = postSolution
		{C2D4A5BD-591A-4279-A198-D3CA72E7C9AD}.Debug|Any CPU.ActiveCfg = Debug|Any CPU
		{C2D4A5BD-591A-4279-A198-D3CA72E7C9AD}.Debug|Any CPU.Build.0 = Debug|Any CPU
		{C2D4A5BD-591A-4279-A198-D3CA72E7C9AD}.Release|Any CPU.ActiveCfg = Release|Any CPU
		{C2D4A5BD-591A-4279-A198-D3CA72E7C9AD}.Release|Any CPU.Build.0 = Release|Any CPU
		{AC12F994-91A3-4206-8D7E-4D4AFE4E4402}.Debug|Any CPU.ActiveCfg = Debug|Any CPU
		{AC12F994-91A3-4206-8D7E-4D4AFE4E4402}.Debug|Any CPU.Build.0 = Debug|Any CPU
		{AC12F994-91A3-4206-8D7E-4D4AFE4E4402}.Release|Any CPU.ActiveCfg = Release|Any CPU
		{AC12F994-91A3-4206-8D7E-4D4AFE4E4402}.Release|Any CPU.Build.0 = Release|Any CPU
	EndGlobalSection
	GlobalSection(SolutionProperties) = preSolution
		HideSolutionNode = FALSE
	EndGlobalSection
	GlobalSection(ExtensibilityGlobals) = postSolution
		SolutionGuid = {66BBA195-8A6D-4D81-9E1A-3AB33B142F5F}
	EndGlobalSection
EndGlobal
